
Microsoft Visual Studio Solution File, Format Version 12.00
# Visual Studio 2013
VisualStudioVersion = 12.0.21005.1
MinimumVisualStudioVersion = 10.0.40219.1
Project("{FAE04EC0-301F-11D3-BF4B-00C04F79EFBC}") = "PioneerApplet", "PioneerApplet.csproj", "{F5ECB23B-0993-423F-9A9E-FA2FD8B6E991}"
EndProject
Project("{FAE04EC0-301F-11D3-BF4B-00C04F79EFBC}") = "LgLcd.NET", "..\..\Logitech-LCD\LgLcd.NET\LgLcd.NET.csproj", "{6A21C0D9-1024-4774-948B-A918042A5D38}"
EndProject
Project("{FAE04EC0-301F-11D3-BF4B-00C04F79EFBC}") = "PioneerAvrControlLib", "..\..\pioneer-avr-lib\PioneerAvrControlLib\PioneerAvrControlLib.csproj", "{BEF5D89E-ACBF-4B82-96D0-6F5CAA8C8EBC}"
EndProject
Project("{FAE04EC0-301F-11D3-BF4B-00C04F79EFBC}") = "SPAA05.Shared", "..\..\..\UMTS\SPAA05 Library\SPAA05.Shared\SPAA05.Shared.csproj", "{DFC72919-A118-4D54-8792-541C20ED60CD}"
EndProject
Project("{2150E333-8FDC-42A3-9474-1A3956D46DE8}") = ".nuget", ".nuget", "{EE3A2BD2-A996-48FE-88C0-215C672355B7}"
	ProjectSection(SolutionItems) = preProject
		.nuget\NuGet.Config = .nuget\NuGet.Config
		.nuget\NuGet.exe = .nuget\NuGet.exe
		.nuget\NuGet.targets = .nuget\NuGet.targets
	EndProjectSection
EndProject
Project("{FAE04EC0-301F-11D3-BF4B-00C04F79EFBC}") = "FastColoredTextBox", "..\..\..\UMTS\SPAA05 Library\FastColoredTextBox\FastColoredTextBox.csproj", "{6DD14A85-CCFC-4774-BD26-0F5772512319}"
EndProject
Global
	GlobalSection(SolutionConfigurationPlatforms) = preSolution
		Debug|Any CPU = Debug|Any CPU
		Debug|Mixed Platforms = Debug|Mixed Platforms
		Debug|Win32 = Debug|Win32
		Debug|x86 = Debug|x86
		Release|Any CPU = Release|Any CPU
		Release|Mixed Platforms = Release|Mixed Platforms
		Release|Win32 = Release|Win32
		Release|x86 = Release|x86
	EndGlobalSection
	GlobalSection(ProjectConfigurationPlatforms) = postSolution
		{F5ECB23B-0993-423F-9A9E-FA2FD8B6E991}.Debug|Any CPU.ActiveCfg = Debug|x86
		{F5ECB23B-0993-423F-9A9E-FA2FD8B6E991}.Debug|Mixed Platforms.ActiveCfg = Debug|x86
		{F5ECB23B-0993-423F-9A9E-FA2FD8B6E991}.Debug|Mixed Platforms.Build.0 = Debug|x86
		{F5ECB23B-0993-423F-9A9E-FA2FD8B6E991}.Debug|Win32.ActiveCfg = Debug|x86
		{F5ECB23B-0993-423F-9A9E-FA2FD8B6E991}.Debug|x86.ActiveCfg = Debug|x86
		{F5ECB23B-0993-423F-9A9E-FA2FD8B6E991}.Debug|x86.Build.0 = Debug|x86
		{F5ECB23B-0993-423F-9A9E-FA2FD8B6E991}.Release|Any CPU.ActiveCfg = Release|x86
		{F5ECB23B-0993-423F-9A9E-FA2FD8B6E991}.Release|Mixed Platforms.ActiveCfg = Release|x86
		{F5ECB23B-0993-423F-9A9E-FA2FD8B6E991}.Release|Mixed Platforms.Build.0 = Release|x86
		{F5ECB23B-0993-423F-9A9E-FA2FD8B6E991}.Release|Win32.ActiveCfg = Release|x86
		{F5ECB23B-0993-423F-9A9E-FA2FD8B6E991}.Release|x86.ActiveCfg = Release|x86
		{F5ECB23B-0993-423F-9A9E-FA2FD8B6E991}.Release|x86.Build.0 = Release|x86
		{6A21C0D9-1024-4774-948B-A918042A5D38}.Debug|Any CPU.ActiveCfg = Debug|Any CPU
		{6A21C0D9-1024-4774-948B-A918042A5D38}.Debug|Any CPU.Build.0 = Debug|Any CPU
		{6A21C0D9-1024-4774-948B-A918042A5D38}.Debug|Mixed Platforms.ActiveCfg = Debug|Any CPU
		{6A21C0D9-1024-4774-948B-A918042A5D38}.Debug|Mixed Platforms.Build.0 = Debug|Any CPU
		{6A21C0D9-1024-4774-948B-A918042A5D38}.Debug|Win32.ActiveCfg = Debug|Any CPU
		{6A21C0D9-1024-4774-948B-A918042A5D38}.Debug|x86.ActiveCfg = Debug|Any CPU
		{6A21C0D9-1024-4774-948B-A918042A5D38}.Release|Any CPU.ActiveCfg = Release|Any CPU
		{6A21C0D9-1024-4774-948B-A918042A5D38}.Release|Any CPU.Build.0 = Release|Any CPU
		{6A21C0D9-1024-4774-948B-A918042A5D38}.Release|Mixed Platforms.ActiveCfg = Release|Any CPU
		{6A21C0D9-1024-4774-948B-A918042A5D38}.Release|Mixed Platforms.Build.0 = Release|Any CPU
		{6A21C0D9-1024-4774-948B-A918042A5D38}.Release|Win32.ActiveCfg = Release|Any CPU
		{6A21C0D9-1024-4774-948B-A918042A5D38}.Release|x86.ActiveCfg = Release|Any CPU
		{BEF5D89E-ACBF-4B82-96D0-6F5CAA8C8EBC}.Debug|Any CPU.ActiveCfg = Debug|Any CPU
		{BEF5D89E-ACBF-4B82-96D0-6F5CAA8C8EBC}.Debug|Any CPU.Build.0 = Debug|Any CPU
		{BEF5D89E-ACBF-4B82-96D0-6F5CAA8C8EBC}.Debug|Mixed Platforms.ActiveCfg = Debug|Any CPU
		{BEF5D89E-ACBF-4B82-96D0-6F5CAA8C8EBC}.Debug|Mixed Platforms.Build.0 = Debug|Any CPU
		{BEF5D89E-ACBF-4B82-96D0-6F5CAA8C8EBC}.Debug|Win32.ActiveCfg = Debug|Any CPU
		{BEF5D89E-ACBF-4B82-96D0-6F5CAA8C8EBC}.Debug|x86.ActiveCfg = Debug|Any CPU
		{BEF5D89E-ACBF-4B82-96D0-6F5CAA8C8EBC}.Release|Any CPU.ActiveCfg = Release|Any CPU
		{BEF5D89E-ACBF-4B82-96D0-6F5CAA8C8EBC}.Release|Any CPU.Build.0 = Release|Any CPU
		{BEF5D89E-ACBF-4B82-96D0-6F5CAA8C8EBC}.Release|Mixed Platforms.ActiveCfg = Release|Any CPU
		{BEF5D89E-ACBF-4B82-96D0-6F5CAA8C8EBC}.Release|Mixed Platforms.Build.0 = Release|Any CPU
		{BEF5D89E-ACBF-4B82-96D0-6F5CAA8C8EBC}.Release|Win32.ActiveCfg = Release|Any CPU
		{BEF5D89E-ACBF-4B82-96D0-6F5CAA8C8EBC}.Release|x86.ActiveCfg = Release|Any CPU
		{DFC72919-A118-4D54-8792-541C20ED60CD}.Debug|Any CPU.ActiveCfg = Debug|Any CPU
		{DFC72919-A118-4D54-8792-541C20ED60CD}.Debug|Any CPU.Build.0 = Debug|Any CPU
		{DFC72919-A118-4D54-8792-541C20ED60CD}.Debug|Mixed Platforms.ActiveCfg = Debug|Any CPU
		{DFC72919-A118-4D54-8792-541C20ED60CD}.Debug|Mixed Platforms.Build.0 = Debug|Any CPU
		{DFC72919-A118-4D54-8792-541C20ED60CD}.Debug|Win32.ActiveCfg = Debug|Any CPU
		{DFC72919-A118-4D54-8792-541C20ED60CD}.Debug|x86.ActiveCfg = Debug|Any CPU
		{DFC72919-A118-4D54-8792-541C20ED60CD}.Release|Any CPU.ActiveCfg = Release|Any CPU
		{DFC72919-A118-4D54-8792-541C20ED60CD}.Release|Any CPU.Build.0 = Release|Any CPU
		{DFC72919-A118-4D54-8792-541C20ED60CD}.Release|Mixed Platforms.ActiveCfg = Release|Any CPU
		{DFC72919-A118-4D54-8792-541C20ED60CD}.Release|Mixed Platforms.Build.0 = Release|Any CPU
		{DFC72919-A118-4D54-8792-541C20ED60CD}.Release|Win32.ActiveCfg = Release|Any CPU
		{DFC72919-A118-4D54-8792-541C20ED60CD}.Release|x86.ActiveCfg = Release|Any CPU
		{6DD14A85-CCFC-4774-BD26-0F5772512319}.Debug|Any CPU.ActiveCfg = Debug|Any CPU
		{6DD14A85-CCFC-4774-BD26-0F5772512319}.Debug|Any CPU.Build.0 = Debug|Any CPU
		{6DD14A85-CCFC-4774-BD26-0F5772512319}.Debug|Mixed Platforms.ActiveCfg = Debug|Any CPU
		{6DD14A85-CCFC-4774-BD26-0F5772512319}.Debug|Mixed Platforms.Build.0 = Debug|Any CPU
		{6DD14A85-CCFC-4774-BD26-0F5772512319}.Debug|Win32.ActiveCfg = Debug|Any CPU
		{6DD14A85-CCFC-4774-BD26-0F5772512319}.Debug|x86.ActiveCfg = Debug|Any CPU
		{6DD14A85-CCFC-4774-BD26-0F5772512319}.Release|Any CPU.ActiveCfg = Release|Any CPU
		{6DD14A85-CCFC-4774-BD26-0F5772512319}.Release|Any CPU.Build.0 = Release|Any CPU
		{6DD14A85-CCFC-4774-BD26-0F5772512319}.Release|Mixed Platforms.ActiveCfg = Release|Any CPU
		{6DD14A85-CCFC-4774-BD26-0F5772512319}.Release|Mixed Platforms.Build.0 = Release|Any CPU
		{6DD14A85-CCFC-4774-BD26-0F5772512319}.Release|Win32.ActiveCfg = Release|Any CPU
		{6DD14A85-CCFC-4774-BD26-0F5772512319}.Release|x86.ActiveCfg = Release|Any CPU
	EndGlobalSection
	GlobalSection(SolutionProperties) = preSolution
		HideSolutionNode = FALSE
	EndGlobalSection
EndGlobal
